
Microsoft Visual Studio Solution File, Format Version 12.00
# Visual Studio Version 17
VisualStudioVersion = 17.6.33717.318
MinimumVisualStudioVersion = 10.0.40219.1
Project("{9A19103F-16F7-4668-BE54-9A1E7A4F7556}") = "PolCar_Api", "PolCar_Api.csproj", "{41287B78-2937-4107-B542-B5EDAA3FFF66}"
EndProject
Project("{FAE04EC0-301F-11D3-BF4B-00C04F79EFBC}") = "PolCar_WinForms", "..\..\polcar\PolCar_WinForms\PolCar_WinForms.csproj", "{6EB1CD78-B2C1-4DE2-AFA0-13FA51677592}"
EndProject
Global
	GlobalSection(SolutionConfigurationPlatforms) = preSolution
		Debug|Any CPU = Debug|Any CPU
		Release|Any CPU = Release|Any CPU
	EndGlobalSection
	GlobalSection(ProjectConfigurationPlatforms) = postSolution
		{41287B78-2937-4107-B542-B5EDAA3FFF66}.Debug|Any CPU.ActiveCfg = Debug|Any CPU
		{41287B78-2937-4107-B542-B5EDAA3FFF66}.Debug|Any CPU.Build.0 = Debug|Any CPU
		{41287B78-2937-4107-B542-B5EDAA3FFF66}.Release|Any CPU.ActiveCfg = Release|Any CPU
		{41287B78-2937-4107-B542-B5EDAA3FFF66}.Release|Any CPU.Build.0 = Release|Any CPU
		{6EB1CD78-B2C1-4DE2-AFA0-13FA51677592}.Debug|Any CPU.ActiveCfg = Debug|Any CPU
		{6EB1CD78-B2C1-4DE2-AFA0-13FA51677592}.Debug|Any CPU.Build.0 = Debug|Any CPU
		{6EB1CD78-B2C1-4DE2-AFA0-13FA51677592}.Release|Any CPU.ActiveCfg = Release|Any CPU
		{6EB1CD78-B2C1-4DE2-AFA0-13FA51677592}.Release|Any CPU.Build.0 = Release|Any CPU
	EndGlobalSection
	GlobalSection(SolutionProperties) = preSolution
		HideSolutionNode = FALSE
	EndGlobalSection
	GlobalSection(ExtensibilityGlobals) = postSolution
		SolutionGuid = {DC946724-5574-4D89-A227-25A84E02D564}
	EndGlobalSection
EndGlobal
